github.com/aws/aws-sdk-go v1.19.42 h1:HxUVd+4MxOildxsh4D3fu5ajfpEVcxnjT9oi5cxMOUI=
github.com/aws/aws-sdk-go v1.19.42/go.mod h1:KmX6BPdI08NWTb3/sm4ZGu5ShLoqVDhKgpiN924inxo=
github.com/davecgh/go-spew v1.1.0 h1:ZDRjVQ15GmhC3fiQ8ni8+OwkZQO4DARzQgrnXU1Liz8=
github.com/davecgh/go-spew v1.1.0/go.mod h1:J7Y8YcW2NihsgmVo/mv3lAwl/skON4iLHjSsI+c5H38=
github.com/jmespath/go-jmespath v0.0.0-20180206201540-c2b33e8439af h1:pmfjZENx5imkbgOkpRUYLnmbU7UEFbjtDA2hxJ1ichM=
github.com/jmespath/go-jmespath v0.0.0-20180206201540-c2b33e8439af/go.mod h1:Nht3zPeWKUH0NzdCt2Blrr5ys8VGpn0CEB0cQHVjt7k=
github.com/labstack/echo v3.3.10+incompatible/go.mod h1:0INS7j/VjnFxD4E2wkz67b8cVwCLbBmJyDaka6Cmk1s=
github.com/pkg/errors v0.8.1 h1:iURUrRGxPUNPdy5/HRSm+Yj6okJ6UtLINN0Q9M4+h3I=
github.com/pkg/errors v0.8.1/go.mod h1:bwawxfHBFNV+L2hUp1rHADufV3IMtnDRdf1r5NINEl0=
github.com/pmezard/go-difflib v1.0.0 h1:4DBwDE0NGyQoBHbLQYPwSUPoCMWR5BEzIk/f1lZbAQM=
github.com/pmezard/go-difflib v1.0.0/go.mod h1:iKH77koFhYxTK1pcRnkKkqfTogsbg7gZNVY4sRDYZ/4=
github.com/pocockn/awswrappers v0.0.0-20190425100525-100bf35831ff/go.mod h1:6XoYytk8KI5O6Mlqu5k2uJIok+yjve/dh7Kz04yVeWY=
github.com/pocockn/awswrappers v0.0.0-20190604072748-a1628bbacc94 h1:bBMWjRRC8MG1eoSsmjV0Cj01Rz2chikjnGo+8pftyFw=
github.com/pocockn/awswrappers v0.0.0-20190604072748-a1628bbacc94/go.mod h1:6XoYytk8KI5O6Mlqu5k2uJIok+yjve/dh7Kz04yVeWY=
github.com/stretchr/objx v0.1.0/go.mod h1:HFkY916IF+rwdDfMAkV7OtwuqBVzrE8GR6GFx+wExME=
github.com/stretchr/testify v1.3.0 h1:TivCn/peBQ7UY8ooIcPgZFpTNSz0Q2U6UrFlUfqbe0Q=
github.com/stretchr/testify v1.3.0/go.mod h1:M5WIy9Dh21IEIfnGCwXGc5bZfKNJtfHm1UVUgZn+9EI=
github.com/vidsy/awswrappers v0.0.0-20190425100525-100bf35831ff h1:9QM4+jxvn79G5NqzU2jX7LoVa1y2CsDJQG6aLZNNeUY=
github.com/vidsy/awswrappers v0.0.0-20190425100525-100bf35831ff/go.mod h1:VTZ0nOQvc90Mhpq+0cJtrUdpAM0Oqho0RzeEmGy95ZI=
github.com/vidsy/backoff v0.0.0-20180627142105-4c308d51ad0b h1:H9cy1vRPGwogxwdYhU+W2hsOKgTV/OBMuYw/9ose90Y=
github.com/vidsy/backoff v0.0.0-20180627142105-4c308d51ad0b/go.mod h1:qb6mrMlhGBIYkjFA0JaYzQVJkr17kXc7tUjW4PcV5v4=
github.com/vidsy/go-kmsconfig v0.0.0-20190205094205-1627843c4cce h1:XzUOcVH/fcyrN5SSeKS/P7TCxVWprJBEjPamm5k4iwk=
github.com/vidsy/go-kmsconfig v0.0.0-20190205094205-1627843c4cce/go.mod h1:32RHQ/FvmpciHYELMSaKoHBebu2TmzO737aUMBNWWPI=
